// !$*UTF8*$!
{
	archiveVersion = 1;
	classes = {
	};
	objectVersion = 51;
	objects = {

/* Begin PBXBuildFile section */
		0166945D4B8F98E0B071AFB1 /* Pods_flixsterTests.framework in Frameworks */ = {isa = PBXBuildFile; fileRef = FDA693AE5AD1F40B190ABC98 /* Pods_flixsterTests.framework */; };
		3373C223C8AB372266CE986D /* Pods_flixsterUITests.framework in Frameworks */ = {isa = PBXBuildFile; fileRef = C03D801A6C0020EE09247D32 /* Pods_flixsterUITests.framework */; };
		55101B9823E3C73C00337E88 /* MovieDetailsViewController.swift in Sources */ = {isa = PBXBuildFile; fileRef = 55101B9723E3C73C00337E88 /* MovieDetailsViewController.swift */; };
		55101B9A23E3CF3000337E88 /* MovieGridViewController.swift in Sources */ = {isa = PBXBuildFile; fileRef = 55101B9923E3CF3000337E88 /* MovieGridViewController.swift */; };
		55189901EE05409C836106BE /* Pods_flixster.framework in Frameworks */ = {isa = PBXBuildFile; fileRef = B73BC0A0C77ADA07A1D45B05 /* Pods_flixster.framework */; };
		5548909123E3D46100E353C8 /* MovieGridCell.swift in Sources */ = {isa = PBXBuildFile; fileRef = 5548909023E3D46100E353C8 /* MovieGridCell.swift */; };
		554B30FC23E2043A00D3853D /* AppDelegate.swift in Sources */ = {isa = PBXBuildFile; fileRef = 554B30FB23E2043A00D3853D /* AppDelegate.swift */; };
		554B30FE23E2043A00D3853D /* SceneDelegate.swift in Sources */ = {isa = PBXBuildFile; fileRef = 554B30FD23E2043A00D3853D /* SceneDelegate.swift */; };
		554B310323E2043A00D3853D /* Main.storyboard in Resources */ = {isa = PBXBuildFile; fileRef = 554B310123E2043A00D3853D /* Main.storyboard */; };
		554B310523E2043C00D3853D /* Assets.xcassets in Resources */ = {isa = PBXBuildFile; fileRef = 554B310423E2043C00D3853D /* Assets.xcassets */; };
		554B310823E2043C00D3853D /* LaunchScreen.storyboard in Resources */ = {isa = PBXBuildFile; fileRef = 554B310623E2043C00D3853D /* LaunchScreen.storyboard */; };
		554B311323E2043C00D3853D /* flixsterTests.swift in Sources */ = {isa = PBXBuildFile; fileRef = 554B311223E2043C00D3853D /* flixsterTests.swift */; };
		554B311E23E2043C00D3853D /* flixsterUITests.swift in Sources */ = {isa = PBXBuildFile; fileRef = 554B311D23E2043C00D3853D /* flixsterUITests.swift */; };
		55B4623723E2A7D100053815 /* MoviesViewController.swift in Sources */ = {isa = PBXBuildFile; fileRef = 55B4623623E2A7D100053815 /* MoviesViewController.swift */; };
		55B4623B23E2C04300053815 /* MovieCell.swift in Sources */ = {isa = PBXBuildFile; fileRef = 55B4623A23E2C04300053815 /* MovieCell.swift */; };
/* End PBXBuildFile section */

/* Begin PBXContainerItemProxy section */
		554B310F23E2043C00D3853D /* PBXContainerItemProxy */ = {
			isa = PBXContainerItemProxy;
			containerPortal = 554B30F023E2043A00D3853D /* Project object */;
			proxyType = 1;
			remoteGlobalIDString = 554B30F723E2043A00D3853D;
			remoteInfo = flixster;
		};
		554B311A23E2043C00D3853D /* PBXContainerItemProxy */ = {
			isa = PBXContainerItemProxy;
			containerPortal = 554B30F023E2043A00D3853D /* Project object */;
			proxyType = 1;
			remoteGlobalIDString = 554B30F723E2043A00D3853D;
			remoteInfo = flixster;
		};
/* End PBXContainerItemProxy section */

/* Begin PBXFileReference section */
		3841A666EDA5BBB8727125E0 /* Pods-flixsterUITests.release.xcconfig */ = {isa = PBXFileReference; includeInIndex = 1; lastKnownFileType = text.xcconfig; name = "Pods-flixsterUITests.release.xcconfig"; path = "Target Support Files/Pods-flixsterUITests/Pods-flixsterUITests.release.xcconfig"; sourceTree = "<group>"; };
		4A4EC7A3A6D43A6D8DBC21A7 /* Pods-flixster.release.xcconfig */ = {isa = PBXFileReference; includeInIndex = 1; lastKnownFileType = text.xcconfig; name = "Pods-flixster.release.xcconfig"; path = "Target Support Files/Pods-flixster/Pods-flixster.release.xcconfig"; sourceTree = "<group>"; };
		55101B9723E3C73C00337E88 /* MovieDetailsViewController.swift */ = {isa = PBXFileReference; lastKnownFileType = sourcecode.swift; path = MovieDetailsViewController.swift; sourceTree = "<group>"; };
		55101B9923E3CF3000337E88 /* MovieGridViewController.swift */ = {isa = PBXFileReference; lastKnownFileType = sourcecode.swift; path = MovieGridViewController.swift; sourceTree = "<group>"; };
		5548909023E3D46100E353C8 /* MovieGridCell.swift */ = {isa = PBXFileReference; lastKnownFileType = sourcecode.swift; path = MovieGridCell.swift; sourceTree = "<group>"; };
		554B30F823E2043A00D3853D /* flixster.app */ = {isa = PBXFileReference; explicitFileType = wrapper.application; includeInIndex = 0; path = flixster.app; sourceTree = BUILT_PRODUCTS_DIR; };
		554B30FB23E2043A00D3853D /* AppDelegate.swift */ = {isa = PBXFileReference; lastKnownFileType = sourcecode.swift; path = AppDelegate.swift; sourceTree = "<group>"; };
		554B30FD23E2043A00D3853D /* SceneDelegate.swift */ = {isa = PBXFileReference; lastKnownFileType = sourcecode.swift; path = SceneDelegate.swift; sourceTree = "<group>"; };
		554B310223E2043A00D3853D /* Base */ = {isa = PBXFileReference; lastKnownFileType = file.storyboard; name = Base; path = Base.lproj/Main.storyboard; sourceTree = "<group>"; };
		554B310423E2043C00D3853D /* Assets.xcassets */ = {isa = PBXFileReference; lastKnownFileType = folder.assetcatalog; path = Assets.xcassets; sourceTree = "<group>"; };
		554B310723E2043C00D3853D /* Base */ = {isa = PBXFileReference; lastKnownFileType = file.storyboard; name = Base; path = Base.lproj/LaunchScreen.storyboard; sourceTree = "<group>"; };
		554B310923E2043C00D3853D /* Info.plist */ = {isa = PBXFileReference; lastKnownFileType = text.plist.xml; path = Info.plist; sourceTree = "<group>"; };
		554B310E23E2043C00D3853D /* flixsterTests.xctest */ = {isa = PBXFileReference; explicitFileType = wrapper.cfbundle; includeInIndex = 0; path = flixsterTests.xctest; sourceTree = BUILT_PRODUCTS_DIR; };
		554B311223E2043C00D3853D /* flixsterTests.swift */ = {isa = PBXFileReference; lastKnownFileType = sourcecode.swift; path = flixsterTests.swift; sourceTree = "<group>"; };
		554B311423E2043C00D3853D /* Info.plist */ = {isa = PBXFileReference; lastKnownFileType = text.plist.xml; path = Info.plist; sourceTree = "<group>"; };
		554B311923E2043C00D3853D /* flixsterUITests.xctest */ = {isa = PBXFileReference; explicitFileType = wrapper.cfbundle; includeInIndex = 0; path = flixsterUITests.xctest; sourceTree = BUILT_PRODUCTS_DIR; };
		554B311D23E2043C00D3853D /* flixsterUITests.swift */ = {isa = PBXFileReference; lastKnownFileType = sourcecode.swift; path = flixsterUITests.swift; sourceTree = "<group>"; };
		554B311F23E2043C00D3853D /* Info.plist */ = {isa = PBXFileReference; lastKnownFileType = text.plist.xml; path = Info.plist; sourceTree = "<group>"; };
		55B4623623E2A7D100053815 /* MoviesViewController.swift */ = {isa = PBXFileReference; lastKnownFileType = sourcecode.swift; name = MoviesViewController.swift; path = ../MoviesViewController.swift; sourceTree = "<group>"; };
		55B4623A23E2C04300053815 /* MovieCell.swift */ = {isa = PBXFileReference; lastKnownFileType = sourcecode.swift; path = MovieCell.swift; sourceTree = "<group>"; };
		84E7D0C6E8973B840C04E4BD /* Pods-flixsterUITests.debug.xcconfig */ = {isa = PBXFileReference; includeInIndex = 1; lastKnownFileType = text.xcconfig; name = "Pods-flixsterUITests.debug.xcconfig"; path = "Target Support Files/Pods-flixsterUITests/Pods-flixsterUITests.debug.xcconfig"; sourceTree = "<group>"; };
		AA22D8DA104B8F7ADEF37C84 /* Pods-flixsterTests.debug.xcconfig */ = {isa = PBXFileReference; includeInIndex = 1; lastKnownFileType = text.xcconfig; name = "Pods-flixsterTests.debug.xcconfig"; path = "Target Support Files/Pods-flixsterTests/Pods-flixsterTests.debug.xcconfig"; sourceTree = "<group>"; };
		B73BC0A0C77ADA07A1D45B05 /* Pods_flixster.framework */ = {isa = PBXFileReference; explicitFileType = wrapper.framework; includeInIndex = 0; path = Pods_flixster.framework; sourceTree = BUILT_PRODUCTS_DIR; };
		BE8B0631182312B2EC9330C0 /* Pods-flixsterTests.release.xcconfig */ = {isa = PBXFileReference; includeInIndex = 1; lastKnownFileType = text.xcconfig; name = "Pods-flixsterTests.release.xcconfig"; path = "Target Support Files/Pods-flixsterTests/Pods-flixsterTests.release.xcconfig"; sourceTree = "<group>"; };
		C03D801A6C0020EE09247D32 /* Pods_flixsterUITests.framework */ = {isa = PBXFileReference; explicitFileType = wrapper.framework; includeInIndex = 0; path = Pods_flixsterUITests.framework; sourceTree = BUILT_PRODUCTS_DIR; };
		D1DE214BC195A15DEB4AD2AD /* Pods-flixster.debug.xcconfig */ = {isa = PBXFileReference; includeInIndex = 1; lastKnownFileType = text.xcconfig; name = "Pods-flixster.debug.xcconfig"; path = "Target Support Files/Pods-flixster/Pods-flixster.debug.xcconfig"; sourceTree = "<group>"; };
		FDA693AE5AD1F40B190ABC98 /* Pods_flixsterTests.framework */ = {isa = PBXFileReference; explicitFileType = wrapper.framework; includeInIndex = 0; path = Pods_flixsterTests.framework; sourceTree = BUILT_PRODUCTS_DIR; };
/* End PBXFileReference section */

/* Begin PBXFrameworksBuildPhase section */
		554B30F523E2043A00D3853D /* Frameworks */ = {
			isa = PBXFrameworksBuildPhase;
			buildActionMask = 2147483647;
			files = (
				55189901EE05409C836106BE /* Pods_flixster.framework in Frameworks */,
			);
			runOnlyForDeploymentPostprocessing = 0;
		};
		554B310B23E2043C00D3853D /* Frameworks */ = {
			isa = PBXFrameworksBuildPhase;
			buildActionMask = 2147483647;
			files = (
				0166945D4B8F98E0B071AFB1 /* Pods_flixsterTests.framework in Frameworks */,
			);
			runOnlyForDeploymentPostprocessing = 0;
		};
		554B311623E2043C00D3853D /* Frameworks */ = {
			isa = PBXFrameworksBuildPhase;
			buildActionMask = 2147483647;
			files = (
				3373C223C8AB372266CE986D /* Pods_flixsterUITests.framework in Frameworks */,
			);
			runOnlyForDeploymentPostprocessing = 0;
		};
/* End PBXFrameworksBuildPhase section */

/* Begin PBXGroup section */
		36AA678117E5C671FCCF011A /* Frameworks */ = {
			isa = PBXGroup;
			children = (
				B73BC0A0C77ADA07A1D45B05 /* Pods_flixster.framework */,
				FDA693AE5AD1F40B190ABC98 /* Pods_flixsterTests.framework */,
				C03D801A6C0020EE09247D32 /* Pods_flixsterUITests.framework */,
			);
			name = Frameworks;
			sourceTree = "<group>";
		};
		554B30EF23E2043A00D3853D = {
			isa = PBXGroup;
			children = (
				554B30FA23E2043A00D3853D /* flixster */,
				554B311123E2043C00D3853D /* flixsterTests */,
				554B311C23E2043C00D3853D /* flixsterUITests */,
				554B30F923E2043A00D3853D /* Products */,
				F1C65E842A8825E5BAA62E48 /* Pods */,
				36AA678117E5C671FCCF011A /* Frameworks */,
			);
			sourceTree = "<group>";
		};
		554B30F923E2043A00D3853D /* Products */ = {
			isa = PBXGroup;
			children = (
				554B30F823E2043A00D3853D /* flixster.app */,
				554B310E23E2043C00D3853D /* flixsterTests.xctest */,
				554B311923E2043C00D3853D /* flixsterUITests.xctest */,
			);
			name = Products;
			sourceTree = "<group>";
		};
		554B30FA23E2043A00D3853D /* flixster */ = {
			isa = PBXGroup;
			children = (
				554B30FB23E2043A00D3853D /* AppDelegate.swift */,
				554B30FD23E2043A00D3853D /* SceneDelegate.swift */,
				554B310123E2043A00D3853D /* Main.storyboard */,
				554B310423E2043C00D3853D /* Assets.xcassets */,
				554B310623E2043C00D3853D /* LaunchScreen.storyboard */,
				554B310923E2043C00D3853D /* Info.plist */,
				55B4623623E2A7D100053815 /* MoviesViewController.swift */,
				55B4623A23E2C04300053815 /* MovieCell.swift */,
				55101B9723E3C73C00337E88 /* MovieDetailsViewController.swift */,
				55101B9923E3CF3000337E88 /* MovieGridViewController.swift */,
				5548909023E3D46100E353C8 /* MovieGridCell.swift */,
			);
			path = flixster;
			sourceTree = "<group>";
		};
		554B311123E2043C00D3853D /* flixsterTests */ = {
			isa = PBXGroup;
			children = (
				554B311223E2043C00D3853D /* flixsterTests.swift */,
				554B311423E2043C00D3853D /* Info.plist */,
			);
			path = flixsterTests;
			sourceTree = "<group>";
		};
		554B311C23E2043C00D3853D /* flixsterUITests */ = {
			isa = PBXGroup;
			children = (
				554B311D23E2043C00D3853D /* flixsterUITests.swift */,
				554B311F23E2043C00D3853D /* Info.plist */,
			);
			path = flixsterUITests;
			sourceTree = "<group>";
		};
		F1C65E842A8825E5BAA62E48 /* Pods */ = {
			isa = PBXGroup;
			children = (
				D1DE214BC195A15DEB4AD2AD /* Pods-flixster.debug.xcconfig */,
				4A4EC7A3A6D43A6D8DBC21A7 /* Pods-flixster.release.xcconfig */,
				AA22D8DA104B8F7ADEF37C84 /* Pods-flixsterTests.debug.xcconfig */,
				BE8B0631182312B2EC9330C0 /* Pods-flixsterTests.release.xcconfig */,
				84E7D0C6E8973B840C04E4BD /* Pods-flixsterUITests.debug.xcconfig */,
				3841A666EDA5BBB8727125E0 /* Pods-flixsterUITests.release.xcconfig */,
			);
			path = Pods;
			sourceTree = "<group>";
		};
/* End PBXGroup section */

/* Begin PBXNativeTarget section */
		554B30F723E2043A00D3853D /* flixster */ = {
			isa = PBXNativeTarget;
			buildConfigurationList = 554B312223E2043C00D3853D /* Build configuration list for PBXNativeTarget "flixster" */;
			buildPhases = (
				56B70C81CF713C12D4131C3D /* [CP] Check Pods Manifest.lock */,
				554B30F423E2043A00D3853D /* Sources */,
				554B30F523E2043A00D3853D /* Frameworks */,
				554B30F623E2043A00D3853D /* Resources */,
				F22002B6506783652FE12271 /* [CP] Embed Pods Frameworks */,
			);
			buildRules = (
			);
			dependencies = (
			);
			name = flixster;
			productName = flixster;
			productReference = 554B30F823E2043A00D3853D /* flixster.app */;
			productType = "com.apple.product-type.application";
		};
		554B310D23E2043C00D3853D /* flixsterTests */ = {
			isa = PBXNativeTarget;
			buildConfigurationList = 554B312523E2043C00D3853D /* Build configuration list for PBXNativeTarget "flixsterTests" */;
			buildPhases = (
				23576D490A4E1A3F4DFF465A /* [CP] Check Pods Manifest.lock */,
				554B310A23E2043C00D3853D /* Sources */,
				554B310B23E2043C00D3853D /* Frameworks */,
				554B310C23E2043C00D3853D /* Resources */,
			);
			buildRules = (
			);
			dependencies = (
				554B311023E2043C00D3853D /* PBXTargetDependency */,
			);
			name = flixsterTests;
			productName = flixsterTests;
			productReference = 554B310E23E2043C00D3853D /* flixsterTests.xctest */;
			productType = "com.apple.product-type.bundle.unit-test";
		};
		554B311823E2043C00D3853D /* flixsterUITests */ = {
			isa = PBXNativeTarget;
			buildConfigurationList = 554B312823E2043C00D3853D /* Build configuration list for PBXNativeTarget "flixsterUITests" */;
			buildPhases = (
				B727E65A4539C383EA14E23C /* [CP] Check Pods Manifest.lock */,
				554B311523E2043C00D3853D /* Sources */,
				554B311623E2043C00D3853D /* Frameworks */,
				554B311723E2043C00D3853D /* Resources */,
			);
			buildRules = (
			);
			dependencies = (
				554B311B23E2043C00D3853D /* PBXTargetDependency */,
			);
			name = flixsterUITests;
			productName = flixsterUITests;
			productReference = 554B311923E2043C00D3853D /* flixsterUITests.xctest */;
			productType = "com.apple.product-type.bundle.ui-testing";
		};
/* End PBXNativeTarget section */

/* Begin PBXProject section */
		554B30F023E2043A00D3853D /* Project object */ = {
			isa = PBXProject;
			attributes = {
				LastSwiftUpdateCheck = 1130;
				LastUpgradeCheck = 1130;
				ORGANIZATIONNAME = "Christian Lay-Geng";
				TargetAttributes = {
					554B30F723E2043A00D3853D = {
						CreatedOnToolsVersion = 11.3;
					};
					554B310D23E2043C00D3853D = {
						CreatedOnToolsVersion = 11.3;
						TestTargetID = 554B30F723E2043A00D3853D;
					};
					554B311823E2043C00D3853D = {
						CreatedOnToolsVersion = 11.3;
						TestTargetID = 554B30F723E2043A00D3853D;
					};
				};
			};
			buildConfigurationList = 554B30F323E2043A00D3853D /* Build configuration list for PBXProject "flixster" */;
			compatibilityVersion = "Xcode 9.3";
			developmentRegion = en;
			hasScannedForEncodings = 0;
			knownRegions = (
				en,
				Base,
			);
			mainGroup = 554B30EF23E2043A00D3853D;
			productRefGroup = 554B30F923E2043A00D3853D /* Products */;
			projectDirPath = "";
			projectRoot = "";
			targets = (
				554B30F723E2043A00D3853D /* flixster */,
				554B310D23E2043C00D3853D /* flixsterTests */,
				554B311823E2043C00D3853D /* flixsterUITests */,
			);
		};
/* End PBXProject section */

/* Begin PBXResourcesBuildPhase section */
		554B30F623E2043A00D3853D /* Resources */ = {
			isa = PBXResourcesBuildPhase;
			buildActionMask = 2147483647;
			files = (
				554B310823E2043C00D3853D /* LaunchScreen.storyboard in Resources */,
				554B310523E2043C00D3853D /* Assets.xcassets in Resources */,
				554B310323E2043A00D3853D /* Main.storyboard in Resources */,
			);
			runOnlyForDeploymentPostprocessing = 0;
		};
		554B310C23E2043C00D3853D /* Resources */ = {
			isa = PBXResourcesBuildPhase;
			buildActionMask = 2147483647;
			files = (
			);
			runOnlyForDeploymentPostprocessing = 0;
		};
		554B311723E2043C00D3853D /* Resources */ = {
			isa = PBXResourcesBuildPhase;
			buildActionMask = 2147483647;
			files = (
			);
			runOnlyForDeploymentPostprocessing = 0;
		};
/* End PBXResourcesBuildPhase section */

/* Begin PBXShellScriptBuildPhase section */
		23576D490A4E1A3F4DFF465A /* [CP] Check Pods Manifest.lock */ = {
			isa = PBXShellScriptBuildPhase;
			buildActionMask = 2147483647;
			files = (
			);
			inputFileListPaths = (
			);
			inputPaths = (
				"${PODS_PODFILE_DIR_PATH}/Podfile.lock",
				"${PODS_ROOT}/Manifest.lock",
			);
			name = "[CP] Check Pods Manifest.lock";
			outputFileListPaths = (
			);
			outputPaths = (
				"$(DERIVED_FILE_DIR)/Pods-flixsterTests-checkManifestLockResult.txt",
			);
			runOnlyForDeploymentPostprocessing = 0;
			shellPath = /bin/sh;
			shellScript = "diff \"${PODS_PODFILE_DIR_PATH}/Podfile.lock\" \"${PODS_ROOT}/Manifest.lock\" > /dev/null\nif [ $? != 0 ] ; then\n    # print error to STDERR\n    echo \"error: The sandbox is not in sync with the Podfile.lock. Run 'pod install' or update your CocoaPods installation.\" >&2\n    exit 1\nfi\n# This output is used by Xcode 'outputs' to avoid re-running this script phase.\necho \"SUCCESS\" > \"${SCRIPT_OUTPUT_FILE_0}\"\n";
			showEnvVarsInLog = 0;
		};
		56B70C81CF713C12D4131C3D /* [CP] Check Pods Manifest.lock */ = {
			isa = PBXShellScriptBuildPhase;
			buildActionMask = 2147483647;
			files = (
			);
			inputFileListPaths = (
			);
			inputPaths = (
				"${PODS_PODFILE_DIR_PATH}/Podfile.lock",
				"${PODS_ROOT}/Manifest.lock",
			);
			name = "[CP] Check Pods Manifest.lock";
			outputFileListPaths = (
			);
			outputPaths = (
				"$(DERIVED_FILE_DIR)/Pods-flixster-checkManifestLockResult.txt",
			);
			runOnlyForDeploymentPostprocessing = 0;
			shellPath = /bin/sh;
			shellScript = "diff \"${PODS_PODFILE_DIR_PATH}/Podfile.lock\" \"${PODS_ROOT}/Manifest.lock\" > /dev/null\nif [ $? != 0 ] ; then\n    # print error to STDERR\n    echo \"error: The sandbox is not in sync with the Podfile.lock. Run 'pod install' or update your CocoaPods installation.\" >&2\n    exit 1\nfi\n# This output is used by Xcode 'outputs' to avoid re-running this script phase.\necho \"SUCCESS\" > \"${SCRIPT_OUTPUT_FILE_0}\"\n";
			showEnvVarsInLog = 0;
		};
		B727E65A4539C383EA14E23C /* [CP] Check Pods Manifest.lock */ = {
			isa = PBXShellScriptBuildPhase;
			buildActionMask = 2147483647;
			files = (
			);
			inputFileListPaths = (
			);
			inputPaths = (
				"${PODS_PODFILE_DIR_PATH}/Podfile.lock",
				"${PODS_ROOT}/Manifest.lock",
			);
			name = "[CP] Check Pods Manifest.lock";
			outputFileListPaths = (
			);
			outputPaths = (
				"$(DERIVED_FILE_DIR)/Pods-flixsterUITests-checkManifestLockResult.txt",
			);
			runOnlyForDeploymentPostprocessing = 0;
			shellPath = /bin/sh;
			shellScript = "diff \"${PODS_PODFILE_DIR_PATH}/Podfile.lock\" \"${PODS_ROOT}/Manifest.lock\" > /dev/null\nif [ $? != 0 ] ; then\n    # print error to STDERR\n    echo \"error: The sandbox is not in sync with the Podfile.lock. Run 'pod install' or update your CocoaPods installation.\" >&2\n    exit 1\nfi\n# This output is used by Xcode 'outputs' to avoid re-running this script phase.\necho \"SUCCESS\" > \"${SCRIPT_OUTPUT_FILE_0}\"\n";
			showEnvVarsInLog = 0;
		};
		F22002B6506783652FE12271 /* [CP] Embed Pods Frameworks */ = {
			isa = PBXShellScriptBuildPhase;
			buildActionMask = 2147483647;
			files = (
			);
			inputFileListPaths = (
				"${PODS_ROOT}/Target Support Files/Pods-flixster/Pods-flixster-frameworks-${CONFIGURATION}-input-files.xcfilelist",
			);
			name = "[CP] Embed Pods Frameworks";
			outputFileListPaths = (
				"${PODS_ROOT}/Target Support Files/Pods-flixster/Pods-flixster-frameworks-${CONFIGURATION}-output-files.xcfilelist",
			);
			runOnlyForDeploymentPostprocessing = 0;
			shellPath = /bin/sh;
			shellScript = "\"${PODS_ROOT}/Target Support Files/Pods-flixster/Pods-flixster-frameworks.sh\"\n";
			showEnvVarsInLog = 0;
		};
/* End PBXShellScriptBuildPhase section */

/* Begin PBXSourcesBuildPhase section */
		554B30F423E2043A00D3853D /* Sources */ = {
			isa = PBXSourcesBuildPhase;
			buildActionMask = 2147483647;
			files = (
				55101B9823E3C73C00337E88 /* MovieDetailsViewController.swift in Sources */,
				554B30FC23E2043A00D3853D /* AppDelegate.swift in Sources */,
				554B30FE23E2043A00D3853D /* SceneDelegate.swift in Sources */,
				55B4623B23E2C04300053815 /* MovieCell.swift in Sources */,
				55B4623723E2A7D100053815 /* MoviesViewController.swift in Sources */,
				55101B9A23E3CF3000337E88 /* MovieGridViewController.swift in Sources */,
				5548909123E3D46100E353C8 /* MovieGridCell.swift in Sources */,
			);
			runOnlyForDeploymentPostprocessing = 0;
		};
		554B310A23E2043C00D3853D /* Sources */ = {
			isa = PBXSourcesBuildPhase;
			buildActionMask = 2147483647;
			files = (
				554B311323E2043C00D3853D /* flixsterTests.swift in Sources */,
			);
			runOnlyForDeploymentPostprocessing = 0;
		};
		554B311523E2043C00D3853D /* Sources */ = {
			isa = PBXSourcesBuildPhase;
			buildActionMask = 2147483647;
			files = (
				554B311E23E2043C00D3853D /* flixsterUITests.swift in Sources */,
			);
			runOnlyForDeploymentPostprocessing = 0;
		};
/* End PBXSourcesBuildPhase section */

/* Begin PBXTargetDependency section */
		554B311023E2043C00D3853D /* PBXTargetDependency */ = {
			isa = PBXTargetDependency;
			target = 554B30F723E2043A00D3853D /* flixster */;
			targetProxy = 554B310F23E2043C00D3853D /* PBXContainerItemProxy */;
		};
		554B311B23E2043C00D3853D /* PBXTargetDependency */ = {
			isa = PBXTargetDependency;
			target = 554B30F723E2043A00D3853D /* flixster */;
			targetProxy = 554B311A23E2043C00D3853D /* PBXContainerItemProxy */;
		};
/* End PBXTargetDependency section */

/* Begin PBXVariantGroup section */
		554B310123E2043A00D3853D /* Main.storyboard */ = {
			isa = PBXVariantGroup;
			children = (
				554B310223E2043A00D3853D /* Base */,
			);
			name = Main.storyboard;
			sourceTree = "<group>";
		};
		554B310623E2043C00D3853D /* LaunchScreen.storyboard */ = {
			isa = PBXVariantGroup;
			children = (
				554B310723E2043C00D3853D /* Base */,
			);
			name = LaunchScreen.storyboard;
			sourceTree = "<group>";
		};
/* End PBXVariantGroup section */

/* Begin XCBuildConfiguration section */
		554B312023E2043C00D3853D /* Debug */ = {
			isa = XCBuildConfiguration;
			buildSettings = {
				ALWAYS_SEARCH_USER_PATHS = NO;
				CLANG_ANALYZER_NONNULL = YES;
				CLANG_ANALYZER_NUMBER_OBJECT_CONVERSION = YES_AGGRESSIVE;
				CLANG_CXX_LANGUAGE_STANDARD = "gnu++14";
				CLANG_CXX_LIBRARY = "libc++";
				CLANG_ENABLE_MODULES = YES;
				CLANG_ENABLE_OBJC_ARC = YES;
				CLANG_ENABLE_OBJC_WEAK = YES;
				CLANG_WARN_BLOCK_CAPTURE_AUTORELEASING = YES;
				CLANG_WARN_BOOL_CONVERSION = YES;
				CLANG_WARN_COMMA = YES;
				CLANG_WARN_CONSTANT_CONVERSION = YES;
				CLANG_WARN_DEPRECATED_OBJC_IMPLEMENTATIONS = YES;
				CLANG_WARN_DIRECT_OBJC_ISA_USAGE = YES_ERROR;
				CLANG_WARN_DOCUMENTATION_COMMENTS = YES;
				CLANG_WARN_EMPTY_BODY = YES;
				CLANG_WARN_ENUM_CONVERSION = YES;
				CLANG_WARN_INFINITE_RECURSION = YES;
				CLANG_WARN_INT_CONVERSION = YES;
				CLANG_WARN_NON_LITERAL_NULL_CONVERSION = YES;
				CLANG_WARN_OBJC_IMPLICIT_RETAIN_SELF = YES;
				CLANG_WARN_OBJC_LITERAL_CONVERSION = YES;
				CLANG_WARN_OBJC_ROOT_CLASS = YES_ERROR;
				CLANG_WARN_RANGE_LOOP_ANALYSIS = YES;
				CLANG_WARN_STRICT_PROTOTYPES = YES;
				CLANG_WARN_SUSPICIOUS_MOVE = YES;
				CLANG_WARN_UNGUARDED_AVAILABILITY = YES_AGGRESSIVE;
				CLANG_WARN_UNREACHABLE_CODE = YES;
				CLANG_WARN__DUPLICATE_METHOD_MATCH = YES;
				COPY_PHASE_STRIP = NO;
				DEBUG_INFORMATION_FORMAT = dwarf;
				ENABLE_STRICT_OBJC_MSGSEND = YES;
				ENABLE_TESTABILITY = YES;
				GCC_C_LANGUAGE_STANDARD = gnu11;
				GCC_DYNAMIC_NO_PIC = NO;
				GCC_NO_COMMON_BLOCKS = YES;
				GCC_OPTIMIZATION_LEVEL = 0;
				GCC_PREPROCESSOR_DEFINITIONS = (
					"DEBUG=1",
					"$(inherited)",
				);
				GCC_WARN_64_TO_32_BIT_CONVERSION = YES;
				GCC_WARN_ABOUT_RETURN_TYPE = YES_ERROR;
				GCC_WARN_UNDECLARED_SELECTOR = YES;
				GCC_WARN_UNINITIALIZED_AUTOS = YES_AGGRESSIVE;
				GCC_WARN_UNUSED_FUNCTION = YES;
				GCC_WARN_UNUSED_VARIABLE = YES;
				IPHONEOS_DEPLOYMENT_TARGET = 13.2;
				MTL_ENABLE_DEBUG_INFO = INCLUDE_SOURCE;
				MTL_FAST_MATH = YES;
				ONLY_ACTIVE_ARCH = YES;
				SDKROOT = iphoneos;
				SWIFT_ACTIVE_COMPILATION_CONDITIONS = DEBUG;
				SWIFT_OPTIMIZATION_LEVEL = "-Onone";
			};
			name = Debug;
		};
		554B312123E2043C00D3853D /* Release */ = {
			isa = XCBuildConfiguration;
			buildSettings = {
				ALWAYS_SEARCH_USER_PATHS = NO;
				CLANG_ANALYZER_NONNULL = YES;
				CLANG_ANALYZER_NUMBER_OBJECT_CONVERSION = YES_AGGRESSIVE;
				CLANG_CXX_LANGUAGE_STANDARD = "gnu++14";
				CLANG_CXX_LIBRARY = "libc++";
				CLANG_ENABLE_MODULES = YES;
				CLANG_ENABLE_OBJC_ARC = YES;
				CLANG_ENABLE_OBJC_WEAK = YES;
				CLANG_WARN_BLOCK_CAPTURE_AUTORELEASING = YES;
				CLANG_WARN_BOOL_CONVERSION = YES;
				CLANG_WARN_COMMA = YES;
				CLANG_WARN_CONSTANT_CONVERSION = YES;
				CLANG_WARN_DEPRECATED_OBJC_IMPLEMENTATIONS = YES;
				CLANG_WARN_DIRECT_OBJC_ISA_USAGE = YES_ERROR;
				CLANG_WARN_DOCUMENTATION_COMMENTS = YES;
				CLANG_WARN_EMPTY_BODY = YES;
				CLANG_WARN_ENUM_CONVERSION = YES;
				CLANG_WARN_INFINITE_RECURSION = YES;
				CLANG_WARN_INT_CONVERSION = YES;
				CLANG_WARN_NON_LITERAL_NULL_CONVERSION = YES;
				CLANG_WARN_OBJC_IMPLICIT_RETAIN_SELF = YES;
				CLANG_WARN_OBJC_LITERAL_CONVERSION = YES;
				CLANG_WARN_OBJC_ROOT_CLASS = YES_ERROR;
				CLANG_WARN_RANGE_LOOP_ANALYSIS = YES;
				CLANG_WARN_STRICT_PROTOTYPES = YES;
				CLANG_WARN_SUSPICIOUS_MOVE = YES;
				CLANG_WARN_UNGUARDED_AVAILABILITY = YES_AGGRESSIVE;
				CLANG_WARN_UNREACHABLE_CODE = YES;
				CLANG_WARN__DUPLICATE_METHOD_MATCH = YES;
				COPY_PHASE_STRIP = NO;
				DEBUG_INFORMATION_FORMAT = "dwarf-with-dsym";
				ENABLE_NS_ASSERTIONS = NO;
				ENABLE_STRICT_OBJC_MSGSEND = YES;
				GCC_C_LANGUAGE_STANDARD = gnu11;
				GCC_NO_COMMON_BLOCKS = YES;
				GCC_WARN_64_TO_32_BIT_CONVERSION = YES;
				GCC_WARN_ABOUT_RETURN_TYPE = YES_ERROR;
				GCC_WARN_UNDECLARED_SELECTOR = YES;
				GCC_WARN_UNINITIALIZED_AUTOS = YES_AGGRESSIVE;
				GCC_WARN_UNUSED_FUNCTION = YES;
				GCC_WARN_UNUSED_VARIABLE = YES;
				IPHONEOS_DEPLOYMENT_TARGET = 13.2;
				MTL_ENABLE_DEBUG_INFO = NO;
				MTL_FAST_MATH = YES;
				SDKROOT = iphoneos;
				SWIFT_COMPILATION_MODE = wholemodule;
				SWIFT_OPTIMIZATION_LEVEL = "-O";
				VALIDATE_PRODUCT = YES;
			};
			name = Release;
		};
		554B312323E2043C00D3853D /* Debug */ = {
			isa = XCBuildConfiguration;
			baseConfigurationReference = D1DE214BC195A15DEB4AD2AD /* Pods-flixster.debug.xcconfig */;
			buildSettings = {
				ASSETCATALOG_COMPILER_APPICON_NAME = AppIcon;
				CODE_SIGN_STYLE = Automatic;
				DEVELOPMENT_TEAM = U53A6839FM;
				INFOPLIST_FILE = flixster/Info.plist;
				LD_RUNPATH_SEARCH_PATHS = (
					"$(inherited)",
					"@executable_path/Frameworks",
				);
				PRODUCT_BUNDLE_IDENTIFIER = codepath.flixster;
				PRODUCT_NAME = "$(TARGET_NAME)";
				SWIFT_VERSION = 5.0;
				TARGETED_DEVICE_FAMILY = "1,2";
			};
			name = Debug;
		};
		554B312423E2043C00D3853D /* Release */ = {
			isa = XCBuildConfiguration;
			baseConfigurationReference = 4A4EC7A3A6D43A6D8DBC21A7 /* Pods-flixster.release.xcconfig */;
			buildSettings = {
				ASSETCATALOG_COMPILER_APPICON_NAME = AppIcon;
				CODE_SIGN_STYLE = Automatic;
				DEVELOPMENT_TEAM = U53A6839FM;
				INFOPLIST_FILE = flixster/Info.plist;
				LD_RUNPATH_SEARCH_PATHS = (
					"$(inherited)",
					"@executable_path/Frameworks",
				);
				PRODUCT_BUNDLE_IDENTIFIER = codepath.flixster;
				PRODUCT_NAME = "$(TARGET_NAME)";
				SWIFT_VERSION = 5.0;
				TARGETED_DEVICE_FAMILY = "1,2";
			};
			name = Release;
		};
		554B312623E2043C00D3853D /* Debug */ = {
			isa = XCBuildConfiguration;
			baseConfigurationReference = AA22D8DA104B8F7ADEF37C84 /* Pods-flixsterTests.debug.xcconfig */;
			buildSettings = {
				ALWAYS_EMBED_SWIFT_STANDARD_LIBRARIES = YES;
				BUNDLE_LOADER = "$(TEST_HOST)";
				CODE_SIGN_STYLE = Automatic;
				DEVELOPMENT_TEAM = U53A6839FM;
				INFOPLIST_FILE = flixsterTests/Info.plist;
				IPHONEOS_DEPLOYMENT_TARGET = 13.2;
				LD_RUNPATH_SEARCH_PATHS = (
					"$(inherited)",
					"@executable_path/Frameworks",
					"@loader_path/Frameworks",
				);
				PRODUCT_BUNDLE_IDENTIFIER = codepath.flixsterTests;
				PRODUCT_NAME = "$(TARGET_NAME)";
				SWIFT_VERSION = 5.0;
				TARGETED_DEVICE_FAMILY = "1,2";
				TEST_HOST = "$(BUILT_PRODUCTS_DIR)/flixster.app/flixster";
			};
			name = Debug;
		};
		554B312723E2043C00D3853D /* Release */ = {
			isa = XCBuildConfiguration;
			baseConfigurationReference = BE8B0631182312B2EC9330C0 /* Pods-flixsterTests.release.xcconfig */;
			buildSettings = {
				ALWAYS_EMBED_SWIFT_STANDARD_LIBRARIES = YES;
				BUNDLE_LOADER = "$(TEST_HOST)";
				CODE_SIGN_STYLE = Automatic;
				DEVELOPMENT_TEAM = U53A6839FM;
				INFOPLIST_FILE = flixsterTests/Info.plist;
				IPHONEOS_DEPLOYMENT_TARGET = 13.2;
				LD_RUNPATH_SEARCH_PATHS = (
					"$(inherited)",
					"@executable_path/Frameworks",
					"@loader_path/Frameworks",
				);
				PRODUCT_BUNDLE_IDENTIFIER = codepath.flixsterTests;
				PRODUCT_NAME = "$(TARGET_NAME)";
				SWIFT_VERSION = 5.0;
				TARGETED_DEVICE_FAMILY = "1,2";
				TEST_HOST = "$(BUILT_PRODUCTS_DIR)/flixster.app/flixster";
			};
			name = Release;
		};
		554B312923E2043C00D3853D /* Debug */ = {
			isa = XCBuildConfiguration;
			baseConfigurationReference = 84E7D0C6E8973B840C04E4BD /* Pods-flixsterUITests.debug.xcconfig */;
			buildSettings = {
				ALWAYS_EMBED_SWIFT_STANDARD_LIBRARIES = YES;
				CODE_SIGN_STYLE = Automatic;
				DEVELOPMENT_TEAM = U53A6839FM;
				INFOPLIST_FILE = flixsterUITests/Info.plist;
				LD_RUNPATH_SEARCH_PATHS = (
					"$(inherited)",
					"@executable_path/Frameworks",
					"@loader_path/Frameworks",
				);
				PRODUCT_BUNDLE_IDENTIFIER = codepath.flixsterUITests;
				PRODUCT_NAME = "$(TARGET_NAME)";
				SWIFT_VERSION = 5.0;
				TARGETED_DEVICE_FAMILY = "1,2";
				TEST_TARGET_NAME = flixster;
			};
			name = Debug;
		};
		554B312A23E2043C00D3853D /* Release */ = {
			isa = XCBuildConfiguration;
			baseConfigurationReference = 3841A666EDA5BBB8727125E0 /* Pods-flixsterUITests.release.xcconfig */;
			buildSettings = {
				ALWAYS_EMBED_SWIFT_STANDARD_LIBRARIES = YES;
				CODE_SIGN_STYLE = Automatic;
				DEVELOPMENT_TEAM = U53A6839FM;
				INFOPLIST_FILE = flixsterUITests/Info.plist;
				LD_RUNPATH_SEARCH_PATHS = (
					"$(inherited)",
					"@executable_path/Frameworks",
					"@loader_path/Frameworks",
				);
				PRODUCT_BUNDLE_IDENTIFIER = codepath.flixsterUITests;
				PRODUCT_NAME = "$(TARGET_NAME)";
				SWIFT_VERSION = 5.0;
				TARGETED_DEVICE_FAMILY = "1,2";
				TEST_TARGET_NAME = flixster;
			};
			name = Release;
		};
/* End XCBuildConfiguration section */

/* Begin XCConfigurationList section */
		554B30F323E2043A00D3853D /* Build configuration list for PBXProject "flixster" */ = {
			isa = XCConfigurationList;
			buildConfigurations = (
				554B312023E2043C00D3853D /* Debug */,
				554B312123E2043C00D3853D /* Release */,
			);
			defaultConfigurationIsVisible = 0;
			defaultConfigurationName = Release;
		};
		554B312223E2043C00D3853D /* Build configuration list for PBXNativeTarget "flixster" */ = {
			isa = XCConfigurationList;
			buildConfigurations = (
				554B312323E2043C00D3853D /* Debug */,
				554B312423E2043C00D3853D /* Release */,
			);
			defaultConfigurationIsVisible = 0;
			defaultConfigurationName = Release;
		};
		554B312523E2043C00D3853D /* Build configuration list for PBXNativeTarget "flixsterTests" */ = {
			isa = XCConfigurationList;
			buildConfigurations = (
				554B312623E2043C00D3853D /* Debug */,
				554B312723E2043C00D3853D /* Release */,
			);
			defaultConfigurationIsVisible = 0;
			defaultConfigurationName = Release;
		};
		554B312823E2043C00D3853D /* Build configuration list for PBXNativeTarget "flixsterUITests" */ = {
			isa = XCConfigurationList;
			buildConfigurations = (
				554B312923E2043C00D3853D /* Debug */,
				554B312A23E2043C00D3853D /* Release */,
			);
			defaultConfigurationIsVisible = 0;
			defaultConfigurationName = Release;
		};
/* End XCConfigurationList section */
	};
	rootObject = 554B30F023E2043A00D3853D /* Project object */;
}
